// !$*UTF8*$!
{
	archiveVersion = 1;
	classes = {
	};
	objectVersion = 46;
	objects = {

/* Begin PBXBuildFile section */
		B920E08B15573E1E00949ED5 /* UIKit.framework in Frameworks */ = {isa = PBXBuildFile; fileRef = B920E08A15573E1E00949ED5 /* UIKit.framework */; };
		B920E08D15573E1E00949ED5 /* Foundation.framework in Frameworks */ = {isa = PBXBuildFile; fileRef = B920E08C15573E1E00949ED5 /* Foundation.framework */; };
		B920E08F15573E1E00949ED5 /* CoreGraphics.framework in Frameworks */ = {isa = PBXBuildFile; fileRef = B920E08E15573E1E00949ED5 /* CoreGraphics.framework */; };
		B920E09115573E1E00949ED5 /* GLKit.framework in Frameworks */ = {isa = PBXBuildFile; fileRef = B920E09015573E1E00949ED5 /* GLKit.framework */; };
		B920E09315573E1E00949ED5 /* OpenGLES.framework in Frameworks */ = {isa = PBXBuildFile; fileRef = B920E09215573E1E00949ED5 /* OpenGLES.framework */; };
		B920E09915573E1E00949ED5 /* InfoPlist.strings in Resources */ = {isa = PBXBuildFile; fileRef = B920E09715573E1E00949ED5 /* InfoPlist.strings */; };
		B920E09B15573E1E00949ED5 /* main.m in Sources */ = {isa = PBXBuildFile; fileRef = B920E09A15573E1E00949ED5 /* main.m */; };
		B920E09F15573E1E00949ED5 /* AppDelegate.m in Sources */ = {isa = PBXBuildFile; fileRef = B920E09E15573E1E00949ED5 /* AppDelegate.m */; };
		B920E0A215573E1F00949ED5 /* MainStoryboard_iPhone.storyboard in Resources */ = {isa = PBXBuildFile; fileRef = B920E0A015573E1F00949ED5 /* MainStoryboard_iPhone.storyboard */; };
		B920E0A515573E1F00949ED5 /* MainStoryboard_iPad.storyboard in Resources */ = {isa = PBXBuildFile; fileRef = B920E0A315573E1F00949ED5 /* MainStoryboard_iPad.storyboard */; };
		B920E0A715573E1F00949ED5 /* Shader.fsh in Resources */ = {isa = PBXBuildFile; fileRef = B920E0A615573E1F00949ED5 /* Shader.fsh */; };
		B920E0A915573E1F00949ED5 /* Shader.vsh in Resources */ = {isa = PBXBuildFile; fileRef = B920E0A815573E1F00949ED5 /* Shader.vsh */; };
		B920E0AC15573E1F00949ED5 /* ViewController.m in Sources */ = {isa = PBXBuildFile; fileRef = B920E0AB15573E1F00949ED5 /* ViewController.m */; };
		B920E0ED1557415100949ED5 /* Foundation.framework in Frameworks */ = {isa = PBXBuildFile; fileRef = B920E08C15573E1E00949ED5 /* Foundation.framework */; };
		B920E0F31557415100949ED5 /* physics_engine.m in Sources */ = {isa = PBXBuildFile; fileRef = B920E0F21557415100949ED5 /* physics_engine.m */; };
		B920E0FC155741C500949ED5 /* Foundation.framework in Frameworks */ = {isa = PBXBuildFile; fileRef = B920E08C15573E1E00949ED5 /* Foundation.framework */; };
		B920E102155741C500949ED5 /* library_graphic.m in Sources */ = {isa = PBXBuildFile; fileRef = B920E101155741C500949ED5 /* library_graphic.m */; };
		B920E10B155741D700949ED5 /* Foundation.framework in Frameworks */ = {isa = PBXBuildFile; fileRef = B920E08C15573E1E00949ED5 /* Foundation.framework */; };
		B920E111155741D700949ED5 /* library_physics.m in Sources */ = {isa = PBXBuildFile; fileRef = B920E110155741D700949ED5 /* library_physics.m */; };
		B920E11A155741E600949ED5 /* Foundation.framework in Frameworks */ = {isa = PBXBuildFile; fileRef = B920E08C15573E1E00949ED5 /* Foundation.framework */; };
		B920E120155741E600949ED5 /* library_collision.m in Sources */ = {isa = PBXBuildFile; fileRef = B920E11F155741E600949ED5 /* library_collision.m */; };
		B920E12C15574B4700949ED5 /* isac.icon.jpg in Resources */ = {isa = PBXBuildFile; fileRef = B920E12B15574B4700949ED5 /* isac.icon.jpg */; };
		B920E13715575D8800949ED5 /* albert-einstein.jpg in Resources */ = {isa = PBXBuildFile; fileRef = B920E13415575D8800949ED5 /* albert-einstein.jpg */; };
		B920E13815575D8800949ED5 /* albert.icon.png in Resources */ = {isa = PBXBuildFile; fileRef = B920E13515575D8800949ED5 /* albert.icon.png */; };
		B920E13915575D8800949ED5 /* e=mc.jpg in Resources */ = {isa = PBXBuildFile; fileRef = B920E13615575D8800949ED5 /* e=mc.jpg */; };
/* End PBXBuildFile section */

/* Begin PBXFileReference section */
		B920E08615573E1E00949ED5 /* Physics.Tool.app */ = {isa = PBXFileReference; explicitFileType = wrapper.application; includeInIndex = 0; path = Physics.Tool.app; sourceTree = BUILT_PRODUCTS_DIR; };
		B920E08A15573E1E00949ED5 /* UIKit.framework */ = {isa = PBXFileReference; lastKnownFileType = wrapper.framework; name = UIKit.framework; path = System/Library/Frameworks/UIKit.framework; sourceTree = SDKROOT; };
		B920E08C15573E1E00949ED5 /* Foundation.framework */ = {isa = PBXFileReference; lastKnownFileType = wrapper.framework; name = Foundation.framework; path = System/Library/Frameworks/Foundation.framework; sourceTree = SDKROOT; };
		B920E08E15573E1E00949ED5 /* CoreGraphics.framework */ = {isa = PBXFileReference; lastKnownFileType = wrapper.framework; name = CoreGraphics.framework; path = System/Library/Frameworks/CoreGraphics.framework; sourceTree = SDKROOT; };
		B920E09015573E1E00949ED5 /* GLKit.framework */ = {isa = PBXFileReference; lastKnownFileType = wrapper.framework; name = GLKit.framework; path = System/Library/Frameworks/GLKit.framework; sourceTree = SDKROOT; };
		B920E09215573E1E00949ED5 /* OpenGLES.framework */ = {isa = PBXFileReference; lastKnownFileType = wrapper.framework; name = OpenGLES.framework; path = System/Library/Frameworks/OpenGLES.framework; sourceTree = SDKROOT; };
		B920E09615573E1E00949ED5 /* Physics.Tool-Info.plist */ = {isa = PBXFileReference; lastKnownFileType = text.plist.xml; path = "Physics.Tool-Info.plist"; sourceTree = "<group>"; };
		B920E09815573E1E00949ED5 /* en */ = {isa = PBXFileReference; lastKnownFileType = text.plist.strings; name = en; path = en.lproj/InfoPlist.strings; sourceTree = "<group>"; };
		B920E09A15573E1E00949ED5 /* main.m */ = {isa = PBXFileReference; lastKnownFileType = sourcecode.c.objc; path = main.m; sourceTree = "<group>"; };
		B920E09C15573E1E00949ED5 /* Physics.Tool-Prefix.pch */ = {isa = PBXFileReference; lastKnownFileType = sourcecode.c.h; path = "Physics.Tool-Prefix.pch"; sourceTree = "<group>"; };
		B920E09D15573E1E00949ED5 /* AppDelegate.h */ = {isa = PBXFileReference; lastKnownFileType = sourcecode.c.h; path = AppDelegate.h; sourceTree = "<group>"; };
		B920E09E15573E1E00949ED5 /* AppDelegate.m */ = {isa = PBXFileReference; lastKnownFileType = sourcecode.c.objc; path = AppDelegate.m; sourceTree = "<group>"; };
		B920E0A115573E1F00949ED5 /* en */ = {isa = PBXFileReference; lastKnownFileType = file.storyboard; name = en; path = en.lproj/MainStoryboard_iPhone.storyboard; sourceTree = "<group>"; };
		B920E0A415573E1F00949ED5 /* en */ = {isa = PBXFileReference; lastKnownFileType = file.storyboard; name = en; path = en.lproj/MainStoryboard_iPad.storyboard; sourceTree = "<group>"; };
		B920E0A615573E1F00949ED5 /* Shader.fsh */ = {isa = PBXFileReference; lastKnownFileType = sourcecode.glsl; name = Shader.fsh; path = Shaders/Shader.fsh; sourceTree = "<group>"; };
		B920E0A815573E1F00949ED5 /* Shader.vsh */ = {isa = PBXFileReference; lastKnownFileType = sourcecode.glsl; name = Shader.vsh; path = Shaders/Shader.vsh; sourceTree = "<group>"; };
		B920E0AA15573E1F00949ED5 /* ViewController.h */ = {isa = PBXFileReference; lastKnownFileType = sourcecode.c.h; path = ViewController.h; sourceTree = "<group>"; };
		B920E0AB15573E1F00949ED5 /* ViewController.m */ = {isa = PBXFileReference; lastKnownFileType = sourcecode.c.objc; path = ViewController.m; sourceTree = "<group>"; };
		B920E0EC1557415100949ED5 /* libphysics.engine.a */ = {isa = PBXFileReference; explicitFileType = archive.ar; includeInIndex = 0; path = libphysics.engine.a; sourceTree = BUILT_PRODUCTS_DIR; };
		B920E0F01557415100949ED5 /* physics.engine-Prefix.pch */ = {isa = PBXFileReference; lastKnownFileType = sourcecode.c.h; path = "physics.engine-Prefix.pch"; sourceTree = "<group>"; };
		B920E0F11557415100949ED5 /* physics_engine.h */ = {isa = PBXFileReference; lastKnownFileType = sourcecode.c.h; path = physics_engine.h; sourceTree = "<group>"; };
		B920E0F21557415100949ED5 /* physics_engine.m */ = {isa = PBXFileReference; lastKnownFileType = sourcecode.c.objc; path = physics_engine.m; sourceTree = "<group>"; };
		B920E0FB155741C500949ED5 /* liblibrary.graphic.a */ = {isa = PBXFileReference; explicitFileType = archive.ar; includeInIndex = 0; path = liblibrary.graphic.a; sourceTree = BUILT_PRODUCTS_DIR; };
		B920E0FF155741C500949ED5 /* library.graphic-Prefix.pch */ = {isa = PBXFileReference; lastKnownFileType = sourcecode.c.h; path = "library.graphic-Prefix.pch"; sourceTree = "<group>"; };
		B920E100155741C500949ED5 /* library_graphic.h */ = {isa = PBXFileReference; lastKnownFileType = sourcecode.c.h; path = library_graphic.h; sourceTree = "<group>"; };
		B920E101155741C500949ED5 /* library_graphic.m */ = {isa = PBXFileReference; lastKnownFileType = sourcecode.c.objc; path = library_graphic.m; sourceTree = "<group>"; };
		B920E10A155741D700949ED5 /* liblibrary.physics.a */ = {isa = PBXFileReference; explicitFileType = archive.ar; includeInIndex = 0; path = liblibrary.physics.a; sourceTree = BUILT_PRODUCTS_DIR; };
		B920E10E155741D700949ED5 /* library.physics-Prefix.pch */ = {isa = PBXFileReference; lastKnownFileType = sourcecode.c.h; path = "library.physics-Prefix.pch"; sourceTree = "<group>"; };
		B920E10F155741D700949ED5 /* library_physics.h */ = {isa = PBXFileReference; lastKnownFileType = sourcecode.c.h; path = library_physics.h; sourceTree = "<group>"; };
		B920E110155741D700949ED5 /* library_physics.m */ = {isa = PBXFileReference; lastKnownFileType = sourcecode.c.objc; path = library_physics.m; sourceTree = "<group>"; };
		B920E119155741E600949ED5 /* liblibrary.collision.a */ = {isa = PBXFileReference; explicitFileType = archive.ar; includeInIndex = 0; path = liblibrary.collision.a; sourceTree = BUILT_PRODUCTS_DIR; };
		B920E11D155741E600949ED5 /* library.collision-Prefix.pch */ = {isa = PBXFileReference; lastKnownFileType = sourcecode.c.h; path = "library.collision-Prefix.pch"; sourceTree = "<group>"; };
		B920E11E155741E600949ED5 /* library_collision.h */ = {isa = PBXFileReference; lastKnownFileType = sourcecode.c.h; path = library_collision.h; sourceTree = "<group>"; };
		B920E11F155741E600949ED5 /* library_collision.m */ = {isa = PBXFileReference; lastKnownFileType = sourcecode.c.objc; path = library_collision.m; sourceTree = "<group>"; };
		B920E12B15574B4700949ED5 /* isac.icon.jpg */ = {isa = PBXFileReference; lastKnownFileType = image.jpeg; path = isac.icon.jpg; sourceTree = "<group>"; };
		B920E13415575D8800949ED5 /* albert-einstein.jpg */ = {isa = PBXFileReference; lastKnownFileType = image.jpeg; path = "albert-einstein.jpg"; sourceTree = "<group>"; };
		B920E13515575D8800949ED5 /* albert.icon.png */ = {isa = PBXFileReference; lastKnownFileType = image.png; path = albert.icon.png; sourceTree = "<group>"; };
		B920E13615575D8800949ED5 /* e=mc.jpg */ = {isa = PBXFileReference; lastKnownFileType = image.jpeg; path = "e=mc.jpg"; sourceTree = "<group>"; };
/* End PBXFileReference section */

/* Begin PBXFrameworksBuildPhase section */
		B920E08315573E1E00949ED5 /* Frameworks */ = {
			isa = PBXFrameworksBuildPhase;
			buildActionMask = 2147483647;
			files = (
				B920E08B15573E1E00949ED5 /* UIKit.framework in Frameworks */,
				B920E08D15573E1E00949ED5 /* Foundation.framework in Frameworks */,
				B920E08F15573E1E00949ED5 /* CoreGraphics.framework in Frameworks */,
				B920E09115573E1E00949ED5 /* GLKit.framework in Frameworks */,
				B920E09315573E1E00949ED5 /* OpenGLES.framework in Frameworks */,
			);
			runOnlyForDeploymentPostprocessing = 0;
		};
		B920E0E91557415100949ED5 /* Frameworks */ = {
			isa = PBXFrameworksBuildPhase;
			buildActionMask = 2147483647;
			files = (
				B920E0ED1557415100949ED5 /* Foundation.framework in Frameworks */,
			);
			runOnlyForDeploymentPostprocessing = 0;
		};
		B920E0F8155741C500949ED5 /* Frameworks */ = {
			isa = PBXFrameworksBuildPhase;
			buildActionMask = 2147483647;
			files = (
				B920E0FC155741C500949ED5 /* Foundation.framework in Frameworks */,
			);
			runOnlyForDeploymentPostprocessing = 0;
		};
		B920E107155741D700949ED5 /* Frameworks */ = {
			isa = PBXFrameworksBuildPhase;
			buildActionMask = 2147483647;
			files = (
				B920E10B155741D700949ED5 /* Foundation.framework in Frameworks */,
			);
			runOnlyForDeploymentPostprocessing = 0;
		};
		B920E116155741E600949ED5 /* Frameworks */ = {
			isa = PBXFrameworksBuildPhase;
			buildActionMask = 2147483647;
			files = (
				B920E11A155741E600949ED5 /* Foundation.framework in Frameworks */,
			);
			runOnlyForDeploymentPostprocessing = 0;
		};
/* End PBXFrameworksBuildPhase section */

/* Begin PBXGroup section */
		B920E07B15573E1E00949ED5 = {
			isa = PBXGroup;
			children = (
				B920E09415573E1E00949ED5 /* Physical.Simulation.Tool */,
				B920E0EE1557415100949ED5 /* physics.engine */,
				B920E0FD155741C500949ED5 /* library.graphic */,
				B920E10C155741D700949ED5 /* library.physics */,
				B920E11B155741E600949ED5 /* library.collision */,
				B920E08915573E1E00949ED5 /* Frameworks */,
				B920E08715573E1E00949ED5 /* Products */,
			);
			sourceTree = "<group>";
		};
		B920E08715573E1E00949ED5 /* Products */ = {
			isa = PBXGroup;
			children = (
				B920E08615573E1E00949ED5 /* Physics.Tool.app */,
				B920E0EC1557415100949ED5 /* libphysics.engine.a */,
				B920E0FB155741C500949ED5 /* liblibrary.graphic.a */,
				B920E10A155741D700949ED5 /* liblibrary.physics.a */,
				B920E119155741E600949ED5 /* liblibrary.collision.a */,
			);
			name = Products;
			sourceTree = "<group>";
		};
		B920E08915573E1E00949ED5 /* Frameworks */ = {
			isa = PBXGroup;
			children = (
				B920E08A15573E1E00949ED5 /* UIKit.framework */,
				B920E08C15573E1E00949ED5 /* Foundation.framework */,
				B920E08E15573E1E00949ED5 /* CoreGraphics.framework */,
				B920E09015573E1E00949ED5 /* GLKit.framework */,
				B920E09215573E1E00949ED5 /* OpenGLES.framework */,
			);
			name = Frameworks;
			sourceTree = "<group>";
		};
		B920E09415573E1E00949ED5 /* Physical.Simulation.Tool */ = {
			isa = PBXGroup;
			children = (
				B920E09D15573E1E00949ED5 /* AppDelegate.h */,
				B920E09E15573E1E00949ED5 /* AppDelegate.m */,
				B920E0A015573E1F00949ED5 /* MainStoryboard_iPhone.storyboard */,
				B920E0A315573E1F00949ED5 /* MainStoryboard_iPad.storyboard */,
				B920E0A615573E1F00949ED5 /* Shader.fsh */,
				B920E0A815573E1F00949ED5 /* Shader.vsh */,
				B920E0AA15573E1F00949ED5 /* ViewController.h */,
				B920E0AB15573E1F00949ED5 /* ViewController.m */,
				B920E12915574B4700949ED5 /* resources */,
				B920E09515573E1E00949ED5 /* Supporting Files */,
			);
			path = Physical.Simulation.Tool;
			sourceTree = "<group>";
		};
		B920E09515573E1E00949ED5 /* Supporting Files */ = {
			isa = PBXGroup;
			children = (
				B920E09615573E1E00949ED5 /* Physics.Tool-Info.plist */,
				B920E09715573E1E00949ED5 /* InfoPlist.strings */,
				B920E09A15573E1E00949ED5 /* main.m */,
				B920E09C15573E1E00949ED5 /* Physics.Tool-Prefix.pch */,
			);
			name = "Supporting Files";
			sourceTree = "<group>";
		};
		B920E0EE1557415100949ED5 /* physics.engine */ = {
			isa = PBXGroup;
			children = (
				B920E0F11557415100949ED5 /* physics_engine.h */,
				B920E0F21557415100949ED5 /* physics_engine.m */,
				B920E0EF1557415100949ED5 /* Supporting Files */,
			);
			path = physics.engine;
			sourceTree = "<group>";
		};
		B920E0EF1557415100949ED5 /* Supporting Files */ = {
			isa = PBXGroup;
			children = (
				B920E0F01557415100949ED5 /* physics.engine-Prefix.pch */,
			);
			name = "Supporting Files";
			sourceTree = "<group>";
		};
		B920E0FD155741C500949ED5 /* library.graphic */ = {
			isa = PBXGroup;
			children = (
				B920E100155741C500949ED5 /* library_graphic.h */,
				B920E101155741C500949ED5 /* library_graphic.m */,
				B920E0FE155741C500949ED5 /* Supporting Files */,
			);
			path = library.graphic;
			sourceTree = "<group>";
		};
		B920E0FE155741C500949ED5 /* Supporting Files */ = {
			isa = PBXGroup;
			children = (
				B920E0FF155741C500949ED5 /* library.graphic-Prefix.pch */,
			);
			name = "Supporting Files";
			sourceTree = "<group>";
		};
		B920E10C155741D700949ED5 /* library.physics */ = {
			isa = PBXGroup;
			children = (
				B920E10F155741D700949ED5 /* library_physics.h */,
				B920E110155741D700949ED5 /* library_physics.m */,
				B920E10D155741D700949ED5 /* Supporting Files */,
			);
			path = library.physics;
			sourceTree = "<group>";
		};
		B920E10D155741D700949ED5 /* Supporting Files */ = {
			isa = PBXGroup;
			children = (
				B920E10E155741D700949ED5 /* library.physics-Prefix.pch */,
			);
			name = "Supporting Files";
			sourceTree = "<group>";
		};
		B920E11B155741E600949ED5 /* library.collision */ = {
			isa = PBXGroup;
			children = (
				B920E11E155741E600949ED5 /* library_collision.h */,
				B920E11F155741E600949ED5 /* library_collision.m */,
				B920E11C155741E600949ED5 /* Supporting Files */,
			);
			path = library.collision;
			sourceTree = "<group>";
		};
		B920E11C155741E600949ED5 /* Supporting Files */ = {
			isa = PBXGroup;
			children = (
				B920E11D155741E600949ED5 /* library.collision-Prefix.pch */,
			);
			name = "Supporting Files";
			sourceTree = "<group>";
		};
		B920E12915574B4700949ED5 /* resources */ = {
			isa = PBXGroup;
			children = (
				B920E12A15574B4700949ED5 /* images */,
			);
			path = resources;
			sourceTree = "<group>";
		};
		B920E12A15574B4700949ED5 /* images */ = {
			isa = PBXGroup;
			children = (
				B920E13415575D8800949ED5 /* albert-einstein.jpg */,
				B920E13515575D8800949ED5 /* albert.icon.png */,
				B920E13615575D8800949ED5 /* e=mc.jpg */,
				B920E12B15574B4700949ED5 /* isac.icon.jpg */,
			);
			path = images;
			sourceTree = "<group>";
		};
/* End PBXGroup section */

/* Begin PBXHeadersBuildPhase section */
		B920E0EA1557415100949ED5 /* Headers */ = {
			isa = PBXHeadersBuildPhase;
			buildActionMask = 2147483647;
			files = (
			);
			runOnlyForDeploymentPostprocessing = 0;
		};
		B920E0F9155741C500949ED5 /* Headers */ = {
			isa = PBXHeadersBuildPhase;
			buildActionMask = 2147483647;
			files = (
			);
			runOnlyForDeploymentPostprocessing = 0;
		};
		B920E108155741D700949ED5 /* Headers */ = {
			isa = PBXHeadersBuildPhase;
			buildActionMask = 2147483647;
			files = (
			);
			runOnlyForDeploymentPostprocessing = 0;
		};
		B920E117155741E600949ED5 /* Headers */ = {
			isa = PBXHeadersBuildPhase;
			buildActionMask = 2147483647;
			files = (
			);
			runOnlyForDeploymentPostprocessing = 0;
		};
/* End PBXHeadersBuildPhase section */

/* Begin PBXNativeTarget section */
		B920E08515573E1E00949ED5 /* Physics.Tool */ = {
			isa = PBXNativeTarget;
			buildConfigurationList = B920E0AF15573E1F00949ED5 /* Build configuration list for PBXNativeTarget "Physics.Tool" */;
			buildPhases = (
				B920E08215573E1E00949ED5 /* Sources */,
				B920E08315573E1E00949ED5 /* Frameworks */,
				B920E08415573E1E00949ED5 /* Resources */,
			);
			buildRules = (
			);
			dependencies = (
			);
			name = Physics.Tool;
			productName = Physical.Simulation.Tool;
			productReference = B920E08615573E1E00949ED5 /* Physics.Tool.app */;
			productType = "com.apple.product-type.application";
		};
		B920E0EB1557415100949ED5 /* physics.engine */ = {
			isa = PBXNativeTarget;
			buildConfigurationList = B920E0F41557415100949ED5 /* Build configuration list for PBXNativeTarget "physics.engine" */;
			buildPhases = (
				B920E0E81557415100949ED5 /* Sources */,
				B920E0E91557415100949ED5 /* Frameworks */,
				B920E0EA1557415100949ED5 /* Headers */,
			);
			buildRules = (
			);
			dependencies = (
			);
			name = physics.engine;
			productName = physics.engine;
			productReference = B920E0EC1557415100949ED5 /* libphysics.engine.a */;
			productType = "com.apple.product-type.library.static";
		};
		B920E0FA155741C500949ED5 /* library.graphic */ = {
			isa = PBXNativeTarget;
			buildConfigurationList = B920E103155741C500949ED5 /* Build configuration list for PBXNativeTarget "library.graphic" */;
			buildPhases = (
				B920E0F7155741C500949ED5 /* Sources */,
				B920E0F8155741C500949ED5 /* Frameworks */,
				B920E0F9155741C500949ED5 /* Headers */,
			);
			buildRules = (
			);
			dependencies = (
			);
			name = library.graphic;
			productName = library.graphic;
			productReference = B920E0FB155741C500949ED5 /* liblibrary.graphic.a */;
			productType = "com.apple.product-type.library.static";
		};
		B920E109155741D700949ED5 /* library.physics */ = {
			isa = PBXNativeTarget;
			buildConfigurationList = B920E112155741D700949ED5 /* Build configuration list for PBXNativeTarget "library.physics" */;
			buildPhases = (
				B920E106155741D700949ED5 /* Sources */,
				B920E107155741D700949ED5 /* Frameworks */,
				B920E108155741D700949ED5 /* Headers */,
			);
			buildRules = (
			);
			dependencies = (
			);
			name = library.physics;
			productName = library.physics;
			productReference = B920E10A155741D700949ED5 /* liblibrary.physics.a */;
			productType = "com.apple.product-type.library.static";
		};
		B920E118155741E600949ED5 /* library.collision */ = {
			isa = PBXNativeTarget;
			buildConfigurationList = B920E121155741E600949ED5 /* Build configuration list for PBXNativeTarget "library.collision" */;
			buildPhases = (
				B920E115155741E600949ED5 /* Sources */,
				B920E116155741E600949ED5 /* Frameworks */,
				B920E117155741E600949ED5 /* Headers */,
			);
			buildRules = (
			);
			dependencies = (
			);
			name = library.collision;
			productName = library.collision;
			productReference = B920E119155741E600949ED5 /* liblibrary.collision.a */;
			productType = "com.apple.product-type.library.static";
		};
/* End PBXNativeTarget section */

/* Begin PBXProject section */
		B920E07D15573E1E00949ED5 /* Project object */ = {
			isa = PBXProject;
			attributes = {
				LastUpgradeCheck = 0430;
			};
			buildConfigurationList = B920E08015573E1E00949ED5 /* Build configuration list for PBXProject "Physics.Tool" */;
			compatibilityVersion = "Xcode 3.2";
			developmentRegion = English;
			hasScannedForEncodings = 0;
			knownRegions = (
				en,
			);
			mainGroup = B920E07B15573E1E00949ED5;
			productRefGroup = B920E08715573E1E00949ED5 /* Products */;
			projectDirPath = "";
			projectRoot = "";
			targets = (
				B920E08515573E1E00949ED5 /* Physics.Tool */,
				B920E0EB1557415100949ED5 /* physics.engine */,
				B920E0FA155741C500949ED5 /* library.graphic */,
				B920E109155741D700949ED5 /* library.physics */,
				B920E118155741E600949ED5 /* library.collision */,
			);
		};
/* End PBXProject section */

/* Begin PBXResourcesBuildPhase section */
		B920E08415573E1E00949ED5 /* Resources */ = {
			isa = PBXResourcesBuildPhase;
			buildActionMask = 2147483647;
			files = (
				B920E09915573E1E00949ED5 /* InfoPlist.strings in Resources */,
				B920E0A215573E1F00949ED5 /* MainStoryboard_iPhone.storyboard in Resources */,
				B920E0A515573E1F00949ED5 /* MainStoryboard_iPad.storyboard in Resources */,
				B920E0A715573E1F00949ED5 /* Shader.fsh in Resources */,
				B920E0A915573E1F00949ED5 /* Shader.vsh in Resources */,
				B920E12C15574B4700949ED5 /* isac.icon.jpg in Resources */,
				B920E13715575D8800949ED5 /* albert-einstein.jpg in Resources */,
				B920E13815575D8800949ED5 /* albert.icon.png in Resources */,
				B920E13915575D8800949ED5 /* e=mc.jpg in Resources */,
			);
			runOnlyForDeploymentPostprocessing = 0;
		};
/* End PBXResourcesBuildPhase section */

/* Begin PBXSourcesBuildPhase section */
		B920E08215573E1E00949ED5 /* Sources */ = {
			isa = PBXSourcesBuildPhase;
			buildActionMask = 2147483647;
			files = (
				B920E09B15573E1E00949ED5 /* main.m in Sources */,
				B920E09F15573E1E00949ED5 /* AppDelegate.m in Sources */,
				B920E0AC15573E1F00949ED5 /* ViewController.m in Sources */,
			);
			runOnlyForDeploymentPostprocessing = 0;
		};
		B920E0E81557415100949ED5 /* Sources */ = {
			isa = PBXSourcesBuildPhase;
			buildActionMask = 2147483647;
			files = (
				B920E0F31557415100949ED5 /* physics_engine.m in Sources */,
			);
			runOnlyForDeploymentPostprocessing = 0;
		};
		B920E0F7155741C500949ED5 /* Sources */ = {
			isa = PBXSourcesBuildPhase;
			buildActionMask = 2147483647;
			files = (
				B920E102155741C500949ED5 /* library_graphic.m in Sources */,
			);
			runOnlyForDeploymentPostprocessing = 0;
		};
		B920E106155741D700949ED5 /* Sources */ = {
			isa = PBXSourcesBuildPhase;
			buildActionMask = 2147483647;
			files = (
				B920E111155741D700949ED5 /* library_physics.m in Sources */,
			);
			runOnlyForDeploymentPostprocessing = 0;
		};
		B920E115155741E600949ED5 /* Sources */ = {
			isa = PBXSourcesBuildPhase;
			buildActionMask = 2147483647;
			files = (
				B920E120155741E600949ED5 /* library_collision.m in Sources */,
			);
			runOnlyForDeploymentPostprocessing = 0;
		};
/* End PBXSourcesBuildPhase section */

/* Begin PBXVariantGroup section */
		B920E09715573E1E00949ED5 /* InfoPlist.strings */ = {
			isa = PBXVariantGroup;
			children = (
				B920E09815573E1E00949ED5 /* en */,
			);
			name = InfoPlist.strings;
			sourceTree = "<group>";
		};
		B920E0A015573E1F00949ED5 /* MainStoryboard_iPhone.storyboard */ = {
			isa = PBXVariantGroup;
			children = (
				B920E0A115573E1F00949ED5 /* en */,
			);
			name = MainStoryboard_iPhone.storyboard;
			sourceTree = "<group>";
		};
		B920E0A315573E1F00949ED5 /* MainStoryboard_iPad.storyboard */ = {
			isa = PBXVariantGroup;
			children = (
				B920E0A415573E1F00949ED5 /* en */,
			);
			name = MainStoryboard_iPad.storyboard;
			sourceTree = "<group>";
		};
/* End PBXVariantGroup section */

/* Begin XCBuildConfiguration section */
		B920E0AD15573E1F00949ED5 /* Debug */ = {
			isa = XCBuildConfiguration;
			buildSettings = {
				ALWAYS_SEARCH_USER_PATHS = NO;
				ARCHS = "$(ARCHS_STANDARD_32_BIT)";
				CLANG_ENABLE_OBJC_ARC = YES;
				"CODE_SIGN_IDENTITY[sdk=iphoneos*]" = "iPhone Developer";
				COPY_PHASE_STRIP = NO;
				GCC_C_LANGUAGE_STANDARD = gnu99;
				GCC_DYNAMIC_NO_PIC = NO;
				GCC_OPTIMIZATION_LEVEL = 0;
				GCC_PREPROCESSOR_DEFINITIONS = (
					"DEBUG=1",
					"$(inherited)",
				);
				GCC_SYMBOLS_PRIVATE_EXTERN = NO;
				GCC_VERSION = com.apple.compilers.llvm.clang.1_0;
				GCC_WARN_ABOUT_RETURN_TYPE = YES;
				GCC_WARN_UNINITIALIZED_AUTOS = YES;
				GCC_WARN_UNUSED_VARIABLE = YES;
				IPHONEOS_DEPLOYMENT_TARGET = 5.1;
				SDKROOT = iphoneos;
				TARGETED_DEVICE_FAMILY = "1,2";
			};
			name = Debug;
		};
		B920E0AE15573E1F00949ED5 /* Release */ = {
			isa = XCBuildConfiguration;
			buildSettings = {
				ALWAYS_SEARCH_USER_PATHS = NO;
				ARCHS = "$(ARCHS_STANDARD_32_BIT)";
				CLANG_ENABLE_OBJC_ARC = YES;
				"CODE_SIGN_IDENTITY[sdk=iphoneos*]" = "iPhone Developer";
				COPY_PHASE_STRIP = YES;
				GCC_C_LANGUAGE_STANDARD = gnu99;
				GCC_VERSION = com.apple.compilers.llvm.clang.1_0;
				GCC_WARN_ABOUT_RETURN_TYPE = YES;
				GCC_WARN_UNINITIALIZED_AUTOS = YES;
				GCC_WARN_UNUSED_VARIABLE = YES;
				IPHONEOS_DEPLOYMENT_TARGET = 5.1;
				OTHER_CFLAGS = "-DNS_BLOCK_ASSERTIONS=1";
				SDKROOT = iphoneos;
				TARGETED_DEVICE_FAMILY = "1,2";
				VALIDATE_PRODUCT = YES;
			};
			name = Release;
		};
		B920E0B015573E1F00949ED5 /* Debug */ = {
			isa = XCBuildConfiguration;
			buildSettings = {
				GCC_PRECOMPILE_PREFIX_HEADER = YES;
				GCC_PREFIX_HEADER = "Physical.Simulation.Tool/Physics.Tool-Prefix.pch";
				"GCC_THUMB_SUPPORT[arch=armv6]" = "";
				INFOPLIST_FILE = "Physical.Simulation.Tool/Physics.Tool-Info.plist";
				IPHONEOS_DEPLOYMENT_TARGET = 5.1;
				PRODUCT_NAME = Physics.Tool;
				TARGETED_DEVICE_FAMILY = "1,2";
				WRAPPER_EXTENSION = app;
			};
			name = Debug;
		};
		B920E0B115573E1F00949ED5 /* Release */ = {
			isa = XCBuildConfiguration;
			buildSettings = {
				GCC_PRECOMPILE_PREFIX_HEADER = YES;
				GCC_PREFIX_HEADER = "Physical.Simulation.Tool/Physics.Tool-Prefix.pch";
				"GCC_THUMB_SUPPORT[arch=armv6]" = "";
				INFOPLIST_FILE = "Physical.Simulation.Tool/Physics.Tool-Info.plist";
				IPHONEOS_DEPLOYMENT_TARGET = 5.1;
				PRODUCT_NAME = Physics.Tool;
				TARGETED_DEVICE_FAMILY = "1,2";
				WRAPPER_EXTENSION = app;
			};
			name = Release;
		};
		B920E0F51557415100949ED5 /* Debug */ = {
			isa = XCBuildConfiguration;
			buildSettings = {
				DSTROOT = /tmp/physics_engine.dst;
				GCC_PRECOMPILE_PREFIX_HEADER = YES;
				GCC_PREFIX_HEADER = "physics.engine/physics.engine-Prefix.pch";
				OTHER_LDFLAGS = "-ObjC";
				PRODUCT_NAME = "$(TARGET_NAME)";
				SKIP_INSTALL = YES;
			};
			name = Debug;
		};
		B920E0F61557415100949ED5 /* Release */ = {
			isa = XCBuildConfiguration;
			buildSettings = {
				DSTROOT = /tmp/physics_engine.dst;
				GCC_PRECOMPILE_PREFIX_HEADER = YES;
				GCC_PREFIX_HEADER = "physics.engine/physics.engine-Prefix.pch";
				OTHER_LDFLAGS = "-ObjC";
				PRODUCT_NAME = "$(TARGET_NAME)";
				SKIP_INSTALL = YES;
			};
			name = Release;
		};
		B920E104155741C500949ED5 /* Debug */ = {
			isa = XCBuildConfiguration;
			buildSettings = {
				DSTROOT = /tmp/library_graphic.dst;
				GCC_PRECOMPILE_PREFIX_HEADER = YES;
				GCC_PREFIX_HEADER = "library.graphic/library.graphic-Prefix.pch";
				OTHER_LDFLAGS = "-ObjC";
				PRODUCT_NAME = "$(TARGET_NAME)";
				SKIP_INSTALL = YES;
			};
			name = Debug;
		};
		B920E105155741C500949ED5 /* Release */ = {
			isa = XCBuildConfiguration;
			buildSettings = {
				DSTROOT = /tmp/library_graphic.dst;
				GCC_PRECOMPILE_PREFIX_HEADER = YES;
				GCC_PREFIX_HEADER = "library.graphic/library.graphic-Prefix.pch";
				OTHER_LDFLAGS = "-ObjC";
				PRODUCT_NAME = "$(TARGET_NAME)";
				SKIP_INSTALL = YES;
			};
			name = Release;
		};
		B920E113155741D700949ED5 /* Debug */ = {
			isa = XCBuildConfiguration;
			buildSettings = {
				DSTROOT = /tmp/library_physics.dst;
				GCC_PRECOMPILE_PREFIX_HEADER = YES;
				GCC_PREFIX_HEADER = "library.physics/library.physics-Prefix.pch";
				OTHER_LDFLAGS = "-ObjC";
				PRODUCT_NAME = "$(TARGET_NAME)";
				SKIP_INSTALL = YES;
			};
			name = Debug;
		};
		B920E114155741D700949ED5 /* Release */ = {
			isa = XCBuildConfiguration;
			buildSettings = {
				DSTROOT = /tmp/library_physics.dst;
				GCC_PRECOMPILE_PREFIX_HEADER = YES;
				GCC_PREFIX_HEADER = "library.physics/library.physics-Prefix.pch";
				OTHER_LDFLAGS = "-ObjC";
				PRODUCT_NAME = "$(TARGET_NAME)";
				SKIP_INSTALL = YES;
			};
			name = Release;
		};
		B920E122155741E600949ED5 /* Debug */ = {
			isa = XCBuildConfiguration;
			buildSettings = {
				DSTROOT = /tmp/library_collision.dst;
				GCC_PRECOMPILE_PREFIX_HEADER = YES;
				GCC_PREFIX_HEADER = "library.collision/library.collision-Prefix.pch";
				OTHER_LDFLAGS = "-ObjC";
				PRODUCT_NAME = "$(TARGET_NAME)";
				SKIP_INSTALL = YES;
			};
			name = Debug;
		};
		B920E123155741E600949ED5 /* Release */ = {
			isa = XCBuildConfiguration;
			buildSettings = {
				DSTROOT = /tmp/library_collision.dst;
				GCC_PRECOMPILE_PREFIX_HEADER = YES;
				GCC_PREFIX_HEADER = "library.collision/library.collision-Prefix.pch";
				OTHER_LDFLAGS = "-ObjC";
				PRODUCT_NAME = "$(TARGET_NAME)";
				SKIP_INSTALL = YES;
			};
			name = Release;
		};
/* End XCBuildConfiguration section */

/* Begin XCConfigurationList section */
		B920E08015573E1E00949ED5 /* Build configuration list for PBXProject "Physics.Tool" */ = {
			isa = XCConfigurationList;
			buildConfigurations = (
				B920E0AD15573E1F00949ED5 /* Debug */,
				B920E0AE15573E1F00949ED5 /* Release */,
			);
			defaultConfigurationIsVisible = 0;
			defaultConfigurationName = Release;
		};
		B920E0AF15573E1F00949ED5 /* Build configuration list for PBXNativeTarget "Physics.Tool" */ = {
			isa = XCConfigurationList;
			buildConfigurations = (
				B920E0B015573E1F00949ED5 /* Debug */,
				B920E0B115573E1F00949ED5 /* Release */,
			);
			defaultConfigurationIsVisible = 0;
			defaultConfigurationName = Release;
		};
		B920E0F41557415100949ED5 /* Build configuration list for PBXNativeTarget "physics.engine" */ = {
			isa = XCConfigurationList;
			buildConfigurations = (
				B920E0F51557415100949ED5 /* Debug */,
				B920E0F61557415100949ED5 /* Release */,
			);
			defaultConfigurationIsVisible = 0;
			defaultConfigurationName = Release;
		};
		B920E103155741C500949ED5 /* Build configuration list for PBXNativeTarget "library.graphic" */ = {
			isa = XCConfigurationList;
			buildConfigurations = (
				B920E104155741C500949ED5 /* Debug */,
				B920E105155741C500949ED5 /* Release */,
			);
			defaultConfigurationIsVisible = 0;
			defaultConfigurationName = Release;
		};
		B920E112155741D700949ED5 /* Build configuration list for PBXNativeTarget "library.physics" */ = {
			isa = XCConfigurationList;
			buildConfigurations = (
				B920E113155741D700949ED5 /* Debug */,
				B920E114155741D700949ED5 /* Release */,
			);
			defaultConfigurationIsVisible = 0;
			defaultConfigurationName = Release;
		};
		B920E121155741E600949ED5 /* Build configuration list for PBXNativeTarget "library.collision" */ = {
			isa = XCConfigurationList;
			buildConfigurations = (
				B920E122155741E600949ED5 /* Debug */,
				B920E123155741E600949ED5 /* Release */,
			);
			defaultConfigurationIsVisible = 0;
			defaultConfigurationName = Release;
		};
/* End XCConfigurationList section */
	};
	rootObject = B920E07D15573E1E00949ED5 /* Project object */;
}
